
Microsoft Visual Studio Solution File, Format Version 12.00
# Visual Studio Version 17
VisualStudioVersion = 17.0.31912.275
MinimumVisualStudioVersion = 10.0.40219.1
Project("{2150E333-8FDC-42A3-9474-1A3956D46DE8}") = "src", "src", "{A490CA35-BF56-42B9-AB49-4BCF12F51DBB}"
EndProject
Project("{2150E333-8FDC-42A3-9474-1A3956D46DE8}") = "API", "API", "{40F7333B-ECF5-4604-AC85-A0C6956E94A5}"
EndProject
Project("{2150E333-8FDC-42A3-9474-1A3956D46DE8}") = "Client", "Client", "{DEA13574-769F-4BB3-AC08-AD40AFF11AA2}"
EndProject
Project("{2150E333-8FDC-42A3-9474-1A3956D46DE8}") = "Web", "Web", "{24944B8A-978C-4C11-8997-4ABE7F9AF5AA}"
EndProject
Project("{2150E333-8FDC-42A3-9474-1A3956D46DE8}") = "Common", "Common", "{9A1A5DAE-2CDC-444E-B34F-AC5334BF13C5}"
EndProject
Project("{2150E333-8FDC-42A3-9474-1A3956D46DE8}") = "Presentation", "Presentation", "{A09ACE3F-419E-438F-A795-5CB64E509CF6}"
EndProject
Project("{2150E333-8FDC-42A3-9474-1A3956D46DE8}") = "Infrastructure", "Infrastructure", "{DB363B90-DF43-4C75-8D68-D2C4303F086A}"
EndProject
Project("{2150E333-8FDC-42A3-9474-1A3956D46DE8}") = "Core", "Core", "{57EA54F1-832F-45B2-AC34-07F8B7321D0B}"
EndProject
Project("{FAE04EC0-301F-11D3-BF4B-00C04F79EFBC}") = "UserOperationCaseStudy.WebAPI", "src\API\Presentation\WebAPI\UserOperationCaseStudy.WebAPI\UserOperationCaseStudy.WebAPI.csproj", "{E856515E-3BDD-42CD-87BD-DA06E083F6A9}"
EndProject
Project("{FAE04EC0-301F-11D3-BF4B-00C04F79EFBC}") = "UserOperationCaseStudy.Application", "src\API\Core\UserOperationCaseStudy.Application\UserOperationCaseStudy.Application.csproj", "{87A5ADA5-A03A-4048-AE22-7BCB5C61800A}"
EndProject
Project("{FAE04EC0-301F-11D3-BF4B-00C04F79EFBC}") = "UserOperationCaseStudy.Domain", "src\API\Core\UserOperationCaseStudy.Domain\UserOperationCaseStudy.Domain.csproj", "{4B0EE1E4-EBC1-4C41-97C2-1AD266A5A66D}"
EndProject
Project("{FAE04EC0-301F-11D3-BF4B-00C04F79EFBC}") = "UserOperationCaseStudy.Persistence", "src\API\Infrastructure\UserOperationCaseStudy.Persistence\UserOperationCaseStudy.Persistence.csproj", "{2DBFC5C7-E500-4AF5-8A00-331F90D73FE5}"
EndProject
Project("{FAE04EC0-301F-11D3-BF4B-00C04F79EFBC}") = "UserOperationCaseStudy.Common", "src\API\Common\UserOperationCaseStudy.Common\UserOperationCaseStudy.Common.csproj", "{A298F75C-5C28-4D71-A140-224AF40682E2}"
EndProject
Global
	GlobalSection(SolutionConfigurationPlatforms) = preSolution
		Debug|Any CPU = Debug|Any CPU
		Release|Any CPU = Release|Any CPU
	EndGlobalSection
	GlobalSection(ProjectConfigurationPlatforms) = postSolution
		{E856515E-3BDD-42CD-87BD-DA06E083F6A9}.Debug|Any CPU.ActiveCfg = Debug|Any CPU
		{E856515E-3BDD-42CD-87BD-DA06E083F6A9}.Debug|Any CPU.Build.0 = Debug|Any CPU
		{E856515E-3BDD-42CD-87BD-DA06E083F6A9}.Release|Any CPU.ActiveCfg = Release|Any CPU
		{E856515E-3BDD-42CD-87BD-DA06E083F6A9}.Release|Any CPU.Build.0 = Release|Any CPU
		{87A5ADA5-A03A-4048-AE22-7BCB5C61800A}.Debug|Any CPU.ActiveCfg = Debug|Any CPU
		{87A5ADA5-A03A-4048-AE22-7BCB5C61800A}.Debug|Any CPU.Build.0 = Debug|Any CPU
		{87A5ADA5-A03A-4048-AE22-7BCB5C61800A}.Release|Any CPU.ActiveCfg = Release|Any CPU
		{87A5ADA5-A03A-4048-AE22-7BCB5C61800A}.Release|Any CPU.Build.0 = Release|Any CPU
		{4B0EE1E4-EBC1-4C41-97C2-1AD266A5A66D}.Debug|Any CPU.ActiveCfg = Debug|Any CPU
		{4B0EE1E4-EBC1-4C41-97C2-1AD266A5A66D}.Debug|Any CPU.Build.0 = Debug|Any CPU
		{4B0EE1E4-EBC1-4C41-97C2-1AD266A5A66D}.Release|Any CPU.ActiveCfg = Release|Any CPU
		{4B0EE1E4-EBC1-4C41-97C2-1AD266A5A66D}.Release|Any CPU.Build.0 = Release|Any CPU
		{2DBFC5C7-E500-4AF5-8A00-331F90D73FE5}.Debug|Any CPU.ActiveCfg = Debug|Any CPU
		{2DBFC5C7-E500-4AF5-8A00-331F90D73FE5}.Debug|Any CPU.Build.0 = Debug|Any CPU
		{2DBFC5C7-E500-4AF5-8A00-331F90D73FE5}.Release|Any CPU.ActiveCfg = Release|Any CPU
		{2DBFC5C7-E500-4AF5-8A00-331F90D73FE5}.Release|Any CPU.Build.0 = Release|Any CPU
		{A298F75C-5C28-4D71-A140-224AF40682E2}.Debug|Any CPU.ActiveCfg = Debug|Any CPU
		{A298F75C-5C28-4D71-A140-224AF40682E2}.Debug|Any CPU.Build.0 = Debug|Any CPU
		{A298F75C-5C28-4D71-A140-224AF40682E2}.Release|Any CPU.ActiveCfg = Release|Any CPU
		{A298F75C-5C28-4D71-A140-224AF40682E2}.Release|Any CPU.Build.0 = Release|Any CPU
	EndGlobalSection
	GlobalSection(SolutionProperties) = preSolution
		HideSolutionNode = FALSE
	EndGlobalSection
	GlobalSection(NestedProjects) = preSolution
		{40F7333B-ECF5-4604-AC85-A0C6956E94A5} = {A490CA35-BF56-42B9-AB49-4BCF12F51DBB}
		{DEA13574-769F-4BB3-AC08-AD40AFF11AA2} = {A490CA35-BF56-42B9-AB49-4BCF12F51DBB}
		{24944B8A-978C-4C11-8997-4ABE7F9AF5AA} = {DEA13574-769F-4BB3-AC08-AD40AFF11AA2}
		{9A1A5DAE-2CDC-444E-B34F-AC5334BF13C5} = {40F7333B-ECF5-4604-AC85-A0C6956E94A5}
		{A09ACE3F-419E-438F-A795-5CB64E509CF6} = {40F7333B-ECF5-4604-AC85-A0C6956E94A5}
		{DB363B90-DF43-4C75-8D68-D2C4303F086A} = {40F7333B-ECF5-4604-AC85-A0C6956E94A5}
		{57EA54F1-832F-45B2-AC34-07F8B7321D0B} = {40F7333B-ECF5-4604-AC85-A0C6956E94A5}
		{E856515E-3BDD-42CD-87BD-DA06E083F6A9} = {A09ACE3F-419E-438F-A795-5CB64E509CF6}
		{87A5ADA5-A03A-4048-AE22-7BCB5C61800A} = {57EA54F1-832F-45B2-AC34-07F8B7321D0B}
		{4B0EE1E4-EBC1-4C41-97C2-1AD266A5A66D} = {57EA54F1-832F-45B2-AC34-07F8B7321D0B}
		{2DBFC5C7-E500-4AF5-8A00-331F90D73FE5} = {DB363B90-DF43-4C75-8D68-D2C4303F086A}
		{A298F75C-5C28-4D71-A140-224AF40682E2} = {9A1A5DAE-2CDC-444E-B34F-AC5334BF13C5}
	EndGlobalSection
	GlobalSection(ExtensibilityGlobals) = postSolution
		SolutionGuid = {36E1B88F-FD2F-4E9D-A357-C7E27636ED88}
	EndGlobalSection
EndGlobal
